// !$*UTF8*$!
{
	archiveVersion = 1;
	classes = {
	};
	objectVersion = 46;
	objects = {

/* Begin PBXAggregateTarget section */
		24416B8111C4CA220047AFDD /* Build & Test */ = {
			isa = PBXAggregateTarget;
			buildConfigurationList = 24416B8A11C4CA520047AFDD /* Build configuration list for PBXAggregateTarget "Build & Test" */;
			buildPhases = (
				24416B8011C4CA220047AFDD /* ShellScript */,
			);
			dependencies = (
				24416B8511C4CA280047AFDD /* PBXTargetDependency */,
			);
			name = "Build & Test";
			productName = "Build & test";
		};
/* End PBXAggregateTarget section */

/* Begin PBXBuildFile section */
		24DD6CF91134B3F500162E58 /* ComObscureTiTouchDBModule.h in Headers */ = {isa = PBXBuildFile; fileRef = 24DD6CF71134B3F500162E58 /* ComObscureTiTouchDBModule.h */; };
		24DD6CFA1134B3F500162E58 /* ComObscureTiTouchDBModule.m in Sources */ = {isa = PBXBuildFile; fileRef = 24DD6CF81134B3F500162E58 /* ComObscureTiTouchDBModule.m */; };
		AACBBE4A0F95108600F1A2B1 /* Foundation.framework in Frameworks */ = {isa = PBXBuildFile; fileRef = AACBBE490F95108600F1A2B1 /* Foundation.framework */; };
		DA4919241676776A00ECCB83 /* TDDatabaseManagerProxy.h in Headers */ = {isa = PBXBuildFile; fileRef = DA4919221676776A00ECCB83 /* TDDatabaseManagerProxy.h */; };
		DA491928167679B700ECCB83 /* TDDatabaseProxy.h in Headers */ = {isa = PBXBuildFile; fileRef = DA491926167679B700ECCB83 /* TDDatabaseProxy.h */; };
		DA49192C16768CB000ECCB83 /* TDDocumentProxy.h in Headers */ = {isa = PBXBuildFile; fileRef = DA49192A16768CB000ECCB83 /* TDDocumentProxy.h */; };
		DA49193016768D6C00ECCB83 /* TDQueryProxy.h in Headers */ = {isa = PBXBuildFile; fileRef = DA49192E16768D6C00ECCB83 /* TDQueryProxy.h */; };
		DA4919341676A2D200ECCB83 /* TDBridge.h in Headers */ = {isa = PBXBuildFile; fileRef = DA4919321676A2D200ECCB83 /* TDBridge.h */; };
		DA49193C1676ADF100ECCB83 /* TDViewProxy.h in Headers */ = {isa = PBXBuildFile; fileRef = DA49193A1676ADF100ECCB83 /* TDViewProxy.h */; };
		DA4919401676B32800ECCB83 /* TDRevisionProxy.h in Headers */ = {isa = PBXBuildFile; fileRef = DA49193E1676B32800ECCB83 /* TDRevisionProxy.h */; };
		DA4919441676B78B00ECCB83 /* TDReplicationProxy.h in Headers */ = {isa = PBXBuildFile; fileRef = DA4919421676B78A00ECCB83 /* TDReplicationProxy.h */; };
		DA53C6E215EE8BC40065CA47 /* Security.framework in Frameworks */ = {isa = PBXBuildFile; fileRef = DA53C6DF15EE8BAE0065CA47 /* Security.framework */; };
		DA5837CC15B09030005CA068 /* ComObscureTitouchdb_Prefix.pch in Headers */ = {isa = PBXBuildFile; fileRef = DA5837CB15B09030005CA068 /* ComObscureTitouchdb_Prefix.pch */; };
		DA73A73A19DB10DA00BA8581 /* TDDocumentChangeProxy.h in Headers */ = {isa = PBXBuildFile; fileRef = DA73A73819DB10DA00BA8581 /* TDDocumentChangeProxy.h */; };
		DA73A73B19DB10DA00BA8581 /* TDDocumentChangeProxy.m in Sources */ = {isa = PBXBuildFile; fileRef = DA73A73919DB10DA00BA8581 /* TDDocumentChangeProxy.m */; };
		DAA3688A167F9BB6004A514D /* TiProxy+Errors.m in Sources */ = {isa = PBXBuildFile; fileRef = DAE72A36152E66C800622013 /* TiProxy+Errors.m */; };
		DAA3688B167F9BB6004A514D /* TDDatabaseManagerProxy.m in Sources */ = {isa = PBXBuildFile; fileRef = DA4919231676776A00ECCB83 /* TDDatabaseManagerProxy.m */; };
		DAA3688C167F9BB6004A514D /* TDDatabaseProxy.m in Sources */ = {isa = PBXBuildFile; fileRef = DA491927167679B700ECCB83 /* TDDatabaseProxy.m */; };
		DAA3688D167F9BB6004A514D /* TDDocumentProxy.m in Sources */ = {isa = PBXBuildFile; fileRef = DA49192B16768CB000ECCB83 /* TDDocumentProxy.m */; };
		DAA3688E167F9BB6004A514D /* TDQueryProxy.m in Sources */ = {isa = PBXBuildFile; fileRef = DA49192F16768D6C00ECCB83 /* TDQueryProxy.m */; };
		DAA3688F167F9BB6004A514D /* TDBridge.m in Sources */ = {isa = PBXBuildFile; fileRef = DA4919331676A2D200ECCB83 /* TDBridge.m */; };
		DAA36890167F9BB6004A514D /* TDViewProxy.m in Sources */ = {isa = PBXBuildFile; fileRef = DA49193B1676ADF100ECCB83 /* TDViewProxy.m */; };
		DAA36891167F9BB6004A514D /* TDRevisionProxy.m in Sources */ = {isa = PBXBuildFile; fileRef = DA49193F1676B32800ECCB83 /* TDRevisionProxy.m */; };
		DAA36892167F9BB6004A514D /* TDReplicationProxy.m in Sources */ = {isa = PBXBuildFile; fileRef = DA4919431676B78A00ECCB83 /* TDReplicationProxy.m */; };
		DAA36893167F9BB6004A514D /* TDAttachmentProxy.m in Sources */ = {isa = PBXBuildFile; fileRef = DABFA05116779B4100A58019 /* TDAttachmentProxy.m */; };
		DABFA05216779B4200A58019 /* TDAttachmentProxy.h in Headers */ = {isa = PBXBuildFile; fileRef = DABFA05016779B4100A58019 /* TDAttachmentProxy.h */; };
		DAD03A8A197449FA00886829 /* TDAuthenticatorProxy.h in Headers */ = {isa = PBXBuildFile; fileRef = DAD03A88197449FA00886829 /* TDAuthenticatorProxy.h */; };
		DAD03A8B197449FA00886829 /* TDAuthenticatorProxy.m in Sources */ = {isa = PBXBuildFile; fileRef = DAD03A89197449FA00886829 /* TDAuthenticatorProxy.m */; };
		DAE72A37152E66C900622013 /* TiProxy+Errors.h in Headers */ = {isa = PBXBuildFile; fileRef = DAE72A35152E66C800622013 /* TiProxy+Errors.h */; };
		DAEE1D1A1932850500ABEF1D /* libCouchbaseLite.a in Frameworks */ = {isa = PBXBuildFile; fileRef = DA77FA4B1932849500D85AEE /* libCouchbaseLite.a */; };
		DAEE1D1B1932850500ABEF1D /* libCouchbaseLiteListener.a in Frameworks */ = {isa = PBXBuildFile; fileRef = DA77FA571932849500D85AEE /* libCouchbaseLiteListener.a */; };
		DAF6E66E1680F84D003217C3 /* CFNetwork.framework in Frameworks */ = {isa = PBXBuildFile; fileRef = DAF6E66D1680F84D003217C3 /* CFNetwork.framework */; };
		DAF6E6701680F854003217C3 /* SystemConfiguration.framework in Frameworks */ = {isa = PBXBuildFile; fileRef = DAF6E66F1680F854003217C3 /* SystemConfiguration.framework */; };
		DAF6E6721680F85B003217C3 /* libz.dylib in Frameworks */ = {isa = PBXBuildFile; fileRef = DAF6E6711680F85B003217C3 /* libz.dylib */; };
		DAF6E6741680F862003217C3 /* libsqlite3.dylib in Frameworks */ = {isa = PBXBuildFile; fileRef = DAF6E6731680F862003217C3 /* libsqlite3.dylib */; };
/* End PBXBuildFile section */

/* Begin PBXContainerItemProxy section */
		24416B8411C4CA280047AFDD /* PBXContainerItemProxy */ = {
			isa = PBXContainerItemProxy;
			containerPortal = 0867D690FE84028FC02AAC07 /* Project object */;
			proxyType = 1;
			remoteGlobalIDString = D2AAC07D0554694100DB518D;
			remoteInfo = titouchdb;
		};
		DA77FA461932849500D85AEE /* PBXContainerItemProxy */ = {
			isa = PBXContainerItemProxy;
			containerPortal = DA77FA351932849400D85AEE /* CouchbaseLite.xcodeproj */;
			proxyType = 2;
			remoteGlobalIDString = 270B3DEA1489359000E0A926;
			remoteInfo = "CBL Mac";
		};
		DA77FA481932849500D85AEE /* PBXContainerItemProxy */ = {
			isa = PBXContainerItemProxy;
			containerPortal = DA77FA351932849400D85AEE /* CouchbaseLite.xcodeproj */;
			proxyType = 2;
			remoteGlobalIDString = 27B0B7E71492BB6B00A817AD;
			remoteInfo = "CBL iOS";
		};
		DA77FA4A1932849500D85AEE /* PBXContainerItemProxy */ = {
			isa = PBXContainerItemProxy;
			containerPortal = DA77FA351932849400D85AEE /* CouchbaseLite.xcodeproj */;
			proxyType = 2;
			remoteGlobalIDString = 27B0B7A91492B83B00A817AD;
			remoteInfo = "CBL iOS library";
		};
		DA77FA4C1932849500D85AEE /* PBXContainerItemProxy */ = {
			isa = PBXContainerItemProxy;
			containerPortal = DA77FA351932849400D85AEE /* CouchbaseLite.xcodeproj */;
			proxyType = 2;
			remoteGlobalIDString = 27C70694148864BA00F0F099;
			remoteInfo = "CBL Mac Demo";
		};
		DA77FA4E1932849500D85AEE /* PBXContainerItemProxy */ = {
			isa = PBXContainerItemProxy;
			containerPortal = DA77FA351932849400D85AEE /* CouchbaseLite.xcodeproj */;
			proxyType = 2;
			remoteGlobalIDString = 27B0B80B1492C16300A817AD;
			remoteInfo = "Grocery Sync iOS Demo";
		};
		DA77FA501932849500D85AEE /* PBXContainerItemProxy */ = {
			isa = PBXContainerItemProxy;
			containerPortal = DA77FA351932849400D85AEE /* CouchbaseLite.xcodeproj */;
			proxyType = 2;
			remoteGlobalIDString = 27731F2A1495CFEF00815D67;
			remoteInfo = "CBL iOS Empty App";
		};
		DA77FA521932849500D85AEE /* PBXContainerItemProxy */ = {
			isa = PBXContainerItemProxy;
			containerPortal = DA77FA351932849400D85AEE /* CouchbaseLite.xcodeproj */;
			proxyType = 2;
			remoteGlobalIDString = 275315D514ACF0A10065964D;
			remoteInfo = "CBL Listener Mac";
		};
		DA77FA541932849500D85AEE /* PBXContainerItemProxy */ = {
			isa = PBXContainerItemProxy;
			containerPortal = DA77FA351932849400D85AEE /* CouchbaseLite.xcodeproj */;
			proxyType = 2;
			remoteGlobalIDString = DA147C3614BCAC3B0052DA4D;
			remoteInfo = "CBL Listener iOS";
		};
		DA77FA561932849500D85AEE /* PBXContainerItemProxy */ = {
			isa = PBXContainerItemProxy;
			containerPortal = DA77FA351932849400D85AEE /* CouchbaseLite.xcodeproj */;
			proxyType = 2;
			remoteGlobalIDString = DA023B6414BCA94C008184BB;
			remoteInfo = "Listener iOS Library";
		};
		DA77FA581932849500D85AEE /* PBXContainerItemProxy */ = {
			isa = PBXContainerItemProxy;
			containerPortal = DA77FA351932849400D85AEE /* CouchbaseLite.xcodeproj */;
			proxyType = 2;
			remoteGlobalIDString = 270FE0C814C5008C005FF647;
			remoteInfo = LiteServ;
		};
		DA77FA5A1932849500D85AEE /* PBXContainerItemProxy */ = {
			isa = PBXContainerItemProxy;
			containerPortal = DA77FA351932849400D85AEE /* CouchbaseLite.xcodeproj */;
			proxyType = 2;
			remoteGlobalIDString = 27538F5017F13B03004C3BFD;
			remoteInfo = "LiteServ App";
		};
		DA77FA5C1932849500D85AEE /* PBXContainerItemProxy */ = {
			isa = PBXContainerItemProxy;
			containerPortal = DA77FA351932849400D85AEE /* CouchbaseLite.xcodeproj */;
			proxyType = 2;
			remoteGlobalIDString = 792867BF178DE01900248AF0;
			remoteInfo = CBLJSViewCompiler;
		};
		DAEE1D07193284F100ABEF1D /* PBXContainerItemProxy */ = {
			isa = PBXContainerItemProxy;
			containerPortal = DA77FA351932849400D85AEE /* CouchbaseLite.xcodeproj */;
			proxyType = 1;
			remoteGlobalIDString = 27B0B7A81492B83B00A817AD;
			remoteInfo = "CBL iOS library";
		};
		DAEE1D09193284F100ABEF1D /* PBXContainerItemProxy */ = {
			isa = PBXContainerItemProxy;
			containerPortal = DA77FA351932849400D85AEE /* CouchbaseLite.xcodeproj */;
			proxyType = 1;
			remoteGlobalIDString = DA023B2614BCA94C008184BB;
			remoteInfo = "Listener iOS Library";
		};
/* End PBXContainerItemProxy section */

/* Begin PBXFileReference section */
		24DD6CF71134B3F500162E58 /* ComObscureTiTouchDBModule.h */ = {isa = PBXFileReference; fileEncoding = 4; lastKnownFileType = sourcecode.c.h; name = ComObscureTiTouchDBModule.h; path = Classes/ComObscureTiTouchDBModule.h; sourceTree = "<group>"; };
		24DD6CF81134B3F500162E58 /* ComObscureTiTouchDBModule.m */ = {isa = PBXFileReference; fileEncoding = 4; lastKnownFileType = sourcecode.c.objc; lineEnding = 0; name = ComObscureTiTouchDBModule.m; path = Classes/ComObscureTiTouchDBModule.m; sourceTree = "<group>"; xcLanguageSpecificationIdentifier = xcode.lang.objc; };
		24DD6D1B1134B66800162E58 /* titanium.xcconfig */ = {isa = PBXFileReference; fileEncoding = 4; lastKnownFileType = text.xcconfig; path = titanium.xcconfig; sourceTree = "<group>"; };
		AACBBE490F95108600F1A2B1 /* Foundation.framework */ = {isa = PBXFileReference; lastKnownFileType = wrapper.framework; name = Foundation.framework; path = System/Library/Frameworks/Foundation.framework; sourceTree = SDKROOT; };
		D2AAC07E0554694100DB518D /* libComObscureTitouchdb.a */ = {isa = PBXFileReference; explicitFileType = archive.ar; includeInIndex = 0; path = libComObscureTitouchdb.a; sourceTree = BUILT_PRODUCTS_DIR; };
		DA305FCA15B4B5E700DBB89E /* ViewCompiler.h */ = {isa = PBXFileReference; fileEncoding = 4; lastKnownFileType = sourcecode.c.h; name = ViewCompiler.h; path = Classes/ViewCompiler.h; sourceTree = "<group>"; };
		DA305FCB15B4B5E700DBB89E /* ViewCompiler.m */ = {isa = PBXFileReference; fileEncoding = 4; lastKnownFileType = sourcecode.c.objc; name = ViewCompiler.m; path = Classes/ViewCompiler.m; sourceTree = "<group>"; };
		DA4919221676776A00ECCB83 /* TDDatabaseManagerProxy.h */ = {isa = PBXFileReference; fileEncoding = 4; lastKnownFileType = sourcecode.c.h; name = TDDatabaseManagerProxy.h; path = Classes/TDDatabaseManagerProxy.h; sourceTree = "<group>"; };
		DA4919231676776A00ECCB83 /* TDDatabaseManagerProxy.m */ = {isa = PBXFileReference; fileEncoding = 4; lastKnownFileType = sourcecode.c.objc; name = TDDatabaseManagerProxy.m; path = Classes/TDDatabaseManagerProxy.m; sourceTree = "<group>"; };
		DA491926167679B700ECCB83 /* TDDatabaseProxy.h */ = {isa = PBXFileReference; fileEncoding = 4; lastKnownFileType = sourcecode.c.h; name = TDDatabaseProxy.h; path = Classes/TDDatabaseProxy.h; sourceTree = "<group>"; };
		DA491927167679B700ECCB83 /* TDDatabaseProxy.m */ = {isa = PBXFileReference; fileEncoding = 4; lastKnownFileType = sourcecode.c.objc; name = TDDatabaseProxy.m; path = Classes/TDDatabaseProxy.m; sourceTree = "<group>"; };
		DA49192A16768CB000ECCB83 /* TDDocumentProxy.h */ = {isa = PBXFileReference; fileEncoding = 4; lastKnownFileType = sourcecode.c.h; name = TDDocumentProxy.h; path = Classes/TDDocumentProxy.h; sourceTree = "<group>"; };
		DA49192B16768CB000ECCB83 /* TDDocumentProxy.m */ = {isa = PBXFileReference; fileEncoding = 4; lastKnownFileType = sourcecode.c.objc; name = TDDocumentProxy.m; path = Classes/TDDocumentProxy.m; sourceTree = "<group>"; };
		DA49192E16768D6C00ECCB83 /* TDQueryProxy.h */ = {isa = PBXFileReference; fileEncoding = 4; lastKnownFileType = sourcecode.c.h; name = TDQueryProxy.h; path = Classes/TDQueryProxy.h; sourceTree = "<group>"; };
		DA49192F16768D6C00ECCB83 /* TDQueryProxy.m */ = {isa = PBXFileReference; fileEncoding = 4; lastKnownFileType = sourcecode.c.objc; name = TDQueryProxy.m; path = Classes/TDQueryProxy.m; sourceTree = "<group>"; };
		DA4919321676A2D200ECCB83 /* TDBridge.h */ = {isa = PBXFileReference; fileEncoding = 4; lastKnownFileType = sourcecode.c.h; name = TDBridge.h; path = Classes/TDBridge.h; sourceTree = "<group>"; };
		DA4919331676A2D200ECCB83 /* TDBridge.m */ = {isa = PBXFileReference; fileEncoding = 4; lastKnownFileType = sourcecode.c.objc; name = TDBridge.m; path = Classes/TDBridge.m; sourceTree = "<group>"; };
		DA49193A1676ADF100ECCB83 /* TDViewProxy.h */ = {isa = PBXFileReference; fileEncoding = 4; lastKnownFileType = sourcecode.c.h; name = TDViewProxy.h; path = Classes/TDViewProxy.h; sourceTree = "<group>"; };
		DA49193B1676ADF100ECCB83 /* TDViewProxy.m */ = {isa = PBXFileReference; fileEncoding = 4; lastKnownFileType = sourcecode.c.objc; name = TDViewProxy.m; path = Classes/TDViewProxy.m; sourceTree = "<group>"; };
		DA49193E1676B32800ECCB83 /* TDRevisionProxy.h */ = {isa = PBXFileReference; fileEncoding = 4; lastKnownFileType = sourcecode.c.h; name = TDRevisionProxy.h; path = Classes/TDRevisionProxy.h; sourceTree = "<group>"; };
		DA49193F1676B32800ECCB83 /* TDRevisionProxy.m */ = {isa = PBXFileReference; fileEncoding = 4; lastKnownFileType = sourcecode.c.objc; name = TDRevisionProxy.m; path = Classes/TDRevisionProxy.m; sourceTree = "<group>"; };
		DA4919421676B78A00ECCB83 /* TDReplicationProxy.h */ = {isa = PBXFileReference; fileEncoding = 4; lastKnownFileType = sourcecode.c.h; name = TDReplicationProxy.h; path = Classes/TDReplicationProxy.h; sourceTree = "<group>"; };
		DA4919431676B78A00ECCB83 /* TDReplicationProxy.m */ = {isa = PBXFileReference; fileEncoding = 4; lastKnownFileType = sourcecode.c.objc; name = TDReplicationProxy.m; path = Classes/TDReplicationProxy.m; sourceTree = "<group>"; };
		DA53C6DF15EE8BAE0065CA47 /* Security.framework */ = {isa = PBXFileReference; lastKnownFileType = wrapper.framework; name = Security.framework; path = System/Library/Frameworks/Security.framework; sourceTree = SDKROOT; };
		DA5837CB15B09030005CA068 /* ComObscureTitouchdb_Prefix.pch */ = {isa = PBXFileReference; fileEncoding = 4; lastKnownFileType = sourcecode.c.h; lineEnding = 0; path = ComObscureTitouchdb_Prefix.pch; sourceTree = "<group>"; xcLanguageSpecificationIdentifier = xcode.lang.objc; };
		DA73A73819DB10DA00BA8581 /* TDDocumentChangeProxy.h */ = {isa = PBXFileReference; fileEncoding = 4; lastKnownFileType = sourcecode.c.h; name = TDDocumentChangeProxy.h; path = Classes/TDDocumentChangeProxy.h; sourceTree = "<group>"; };
		DA73A73919DB10DA00BA8581 /* TDDocumentChangeProxy.m */ = {isa = PBXFileReference; fileEncoding = 4; lastKnownFileType = sourcecode.c.objc; name = TDDocumentChangeProxy.m; path = Classes/TDDocumentChangeProxy.m; sourceTree = "<group>"; };
		DA77FA351932849400D85AEE /* CouchbaseLite.xcodeproj */ = {isa = PBXFileReference; lastKnownFileType = "wrapper.pb-project"; name = CouchbaseLite.xcodeproj; path = "vendor/couchbase-lite-ios/CouchbaseLite.xcodeproj"; sourceTree = "<group>"; };
		DABFA05016779B4100A58019 /* TDAttachmentProxy.h */ = {isa = PBXFileReference; fileEncoding = 4; lastKnownFileType = sourcecode.c.h; name = TDAttachmentProxy.h; path = Classes/TDAttachmentProxy.h; sourceTree = "<group>"; };
		DABFA05116779B4100A58019 /* TDAttachmentProxy.m */ = {isa = PBXFileReference; fileEncoding = 4; lastKnownFileType = sourcecode.c.objc; name = TDAttachmentProxy.m; path = Classes/TDAttachmentProxy.m; sourceTree = "<group>"; };
		DAD03A88197449FA00886829 /* TDAuthenticatorProxy.h */ = {isa = PBXFileReference; fileEncoding = 4; lastKnownFileType = sourcecode.c.h; name = TDAuthenticatorProxy.h; path = Classes/TDAuthenticatorProxy.h; sourceTree = "<group>"; };
		DAD03A89197449FA00886829 /* TDAuthenticatorProxy.m */ = {isa = PBXFileReference; fileEncoding = 4; lastKnownFileType = sourcecode.c.objc; name = TDAuthenticatorProxy.m; path = Classes/TDAuthenticatorProxy.m; sourceTree = "<group>"; };
		DAE72A35152E66C800622013 /* TiProxy+Errors.h */ = {isa = PBXFileReference; fileEncoding = 4; lastKnownFileType = sourcecode.c.h; name = "TiProxy+Errors.h"; path = "Classes/TiProxy+Errors.h"; sourceTree = "<group>"; };
		DAE72A36152E66C800622013 /* TiProxy+Errors.m */ = {isa = PBXFileReference; fileEncoding = 4; lastKnownFileType = sourcecode.c.objc; name = "TiProxy+Errors.m"; path = "Classes/TiProxy+Errors.m"; sourceTree = "<group>"; };
		DAF6E66D1680F84D003217C3 /* CFNetwork.framework */ = {isa = PBXFileReference; lastKnownFileType = wrapper.framework; name = CFNetwork.framework; path = System/Library/Frameworks/CFNetwork.framework; sourceTree = SDKROOT; };
		DAF6E66F1680F854003217C3 /* SystemConfiguration.framework */ = {isa = PBXFileReference; lastKnownFileType = wrapper.framework; name = SystemConfiguration.framework; path = System/Library/Frameworks/SystemConfiguration.framework; sourceTree = SDKROOT; };
		DAF6E6711680F85B003217C3 /* libz.dylib */ = {isa = PBXFileReference; lastKnownFileType = "compiled.mach-o.dylib"; name = libz.dylib; path = usr/lib/libz.dylib; sourceTree = SDKROOT; };
		DAF6E6731680F862003217C3 /* libsqlite3.dylib */ = {isa = PBXFileReference; lastKnownFileType = "compiled.mach-o.dylib"; name = libsqlite3.dylib; path = usr/lib/libsqlite3.dylib; sourceTree = SDKROOT; };
/* End PBXFileReference section */

/* Begin PBXFrameworksBuildPhase section */
		D2AAC07C0554694100DB518D /* Frameworks */ = {
			isa = PBXFrameworksBuildPhase;
			buildActionMask = 2147483647;
			files = (
				DAEE1D1A1932850500ABEF1D /* libCouchbaseLite.a in Frameworks */,
				DAEE1D1B1932850500ABEF1D /* libCouchbaseLiteListener.a in Frameworks */,
				DAF6E6741680F862003217C3 /* libsqlite3.dylib in Frameworks */,
				DAF6E6721680F85B003217C3 /* libz.dylib in Frameworks */,
				DAF6E6701680F854003217C3 /* SystemConfiguration.framework in Frameworks */,
				DAF6E66E1680F84D003217C3 /* CFNetwork.framework in Frameworks */,
				DA53C6E215EE8BC40065CA47 /* Security.framework in Frameworks */,
				AACBBE4A0F95108600F1A2B1 /* Foundation.framework in Frameworks */,
			);
			runOnlyForDeploymentPostprocessing = 0;
		};
/* End PBXFrameworksBuildPhase section */

/* Begin PBXGroup section */
		034768DFFF38A50411DB9C8B /* Products */ = {
			isa = PBXGroup;
			children = (
				D2AAC07E0554694100DB518D /* libComObscureTitouchdb.a */,
			);
			name = Products;
			sourceTree = "<group>";
		};
		0867D691FE84028FC02AAC07 /* titouchdb */ = {
			isa = PBXGroup;
			children = (
				DA77FA351932849400D85AEE /* CouchbaseLite.xcodeproj */,
				08FB77AEFE84172EC02AAC07 /* Classes */,
				32C88DFF0371C24200C91783 /* Other Sources */,
				0867D69AFE84028FC02AAC07 /* Frameworks */,
				034768DFFF38A50411DB9C8B /* Products */,
			);
			name = titouchdb;
			sourceTree = "<group>";
		};
		0867D69AFE84028FC02AAC07 /* Frameworks */ = {
			isa = PBXGroup;
			children = (
				DAF6E6731680F862003217C3 /* libsqlite3.dylib */,
				DAF6E6711680F85B003217C3 /* libz.dylib */,
				DAF6E66F1680F854003217C3 /* SystemConfiguration.framework */,
				DAF6E66D1680F84D003217C3 /* CFNetwork.framework */,
				AACBBE490F95108600F1A2B1 /* Foundation.framework */,
				DA53C6DF15EE8BAE0065CA47 /* Security.framework */,
			);
			name = Frameworks;
			sourceTree = "<group>";
		};
		08FB77AEFE84172EC02AAC07 /* Classes */ = {
			isa = PBXGroup;
			children = (
				24DD6CF71134B3F500162E58 /* ComObscureTiTouchDBModule.h */,
				24DD6CF81134B3F500162E58 /* ComObscureTiTouchDBModule.m */,
				DAE72A35152E66C800622013 /* TiProxy+Errors.h */,
				DAE72A36152E66C800622013 /* TiProxy+Errors.m */,
				DA305FCA15B4B5E700DBB89E /* ViewCompiler.h */,
				DA305FCB15B4B5E700DBB89E /* ViewCompiler.m */,
				DA4919221676776A00ECCB83 /* TDDatabaseManagerProxy.h */,
				DA4919231676776A00ECCB83 /* TDDatabaseManagerProxy.m */,
				DA491926167679B700ECCB83 /* TDDatabaseProxy.h */,
				DA491927167679B700ECCB83 /* TDDatabaseProxy.m */,
				DA49192A16768CB000ECCB83 /* TDDocumentProxy.h */,
				DA49192B16768CB000ECCB83 /* TDDocumentProxy.m */,
				DA73A73819DB10DA00BA8581 /* TDDocumentChangeProxy.h */,
				DA73A73919DB10DA00BA8581 /* TDDocumentChangeProxy.m */,
				DA49192E16768D6C00ECCB83 /* TDQueryProxy.h */,
				DA49192F16768D6C00ECCB83 /* TDQueryProxy.m */,
				DA4919321676A2D200ECCB83 /* TDBridge.h */,
				DA4919331676A2D200ECCB83 /* TDBridge.m */,
				DA49193A1676ADF100ECCB83 /* TDViewProxy.h */,
				DA49193B1676ADF100ECCB83 /* TDViewProxy.m */,
				DA49193E1676B32800ECCB83 /* TDRevisionProxy.h */,
				DA49193F1676B32800ECCB83 /* TDRevisionProxy.m */,
				DA4919421676B78A00ECCB83 /* TDReplicationProxy.h */,
				DA4919431676B78A00ECCB83 /* TDReplicationProxy.m */,
				DABFA05016779B4100A58019 /* TDAttachmentProxy.h */,
				DABFA05116779B4100A58019 /* TDAttachmentProxy.m */,
				DAD03A88197449FA00886829 /* TDAuthenticatorProxy.h */,
				DAD03A89197449FA00886829 /* TDAuthenticatorProxy.m */,
			);
			name = Classes;
			sourceTree = "<group>";
		};
		32C88DFF0371C24200C91783 /* Other Sources */ = {
			isa = PBXGroup;
			children = (
				DA5837CB15B09030005CA068 /* ComObscureTitouchdb_Prefix.pch */,
				24DD6D1B1134B66800162E58 /* titanium.xcconfig */,
			);
			name = "Other Sources";
			sourceTree = "<group>";
		};
		DA77FA361932849400D85AEE /* Products */ = {
			isa = PBXGroup;
			children = (
				DA77FA471932849500D85AEE /* CouchbaseLite.framework */,
				DA77FA491932849500D85AEE /* CouchbaseLite.framework */,
				DA77FA4B1932849500D85AEE /* libCouchbaseLite.a */,
				DA77FA4D1932849500D85AEE /* Couchbase Lite Demo.app */,
				DA77FA4F1932849500D85AEE /* CBL Test.app */,
				DA77FA511932849500D85AEE /* Couchbase Lite Empty App.app */,
				DA77FA531932849500D85AEE /* CouchbaseLiteListener.framework */,
				DA77FA551932849500D85AEE /* CouchbaseLiteListener.framework */,
				DA77FA571932849500D85AEE /* libCouchbaseLiteListener.a */,
				DA77FA591932849500D85AEE /* LiteServ */,
				DA77FA5B1932849500D85AEE /* LiteServ.app */,
				DA77FA5D1932849500D85AEE /* libCBLJSViewCompiler.a */,
			);
			name = Products;
			sourceTree = "<group>";
		};
/* End PBXGroup section */

/* Begin PBXHeadersBuildPhase section */
		D2AAC07A0554694100DB518D /* Headers */ = {
			isa = PBXHeadersBuildPhase;
			buildActionMask = 2147483647;
			files = (
				24DD6CF91134B3F500162E58 /* ComObscureTiTouchDBModule.h in Headers */,
				DAE72A37152E66C900622013 /* TiProxy+Errors.h in Headers */,
				DA5837CC15B09030005CA068 /* ComObscureTitouchdb_Prefix.pch in Headers */,
				DA4919241676776A00ECCB83 /* TDDatabaseManagerProxy.h in Headers */,
				DA491928167679B700ECCB83 /* TDDatabaseProxy.h in Headers */,
				DA49192C16768CB000ECCB83 /* TDDocumentProxy.h in Headers */,
				DA49193016768D6C00ECCB83 /* TDQueryProxy.h in Headers */,
				DA4919341676A2D200ECCB83 /* TDBridge.h in Headers */,
				DA73A73A19DB10DA00BA8581 /* TDDocumentChangeProxy.h in Headers */,
				DA49193C1676ADF100ECCB83 /* TDViewProxy.h in Headers */,
				DA4919401676B32800ECCB83 /* TDRevisionProxy.h in Headers */,
				DA4919441676B78B00ECCB83 /* TDReplicationProxy.h in Headers */,
				DAD03A8A197449FA00886829 /* TDAuthenticatorProxy.h in Headers */,
				DABFA05216779B4200A58019 /* TDAttachmentProxy.h in Headers */,
			);
			runOnlyForDeploymentPostprocessing = 0;
		};
/* End PBXHeadersBuildPhase section */

/* Begin PBXNativeTarget section */
		D2AAC07D0554694100DB518D /* titouchdb */ = {
			isa = PBXNativeTarget;
			buildConfigurationList = 1DEB921E08733DC00010E9CD /* Build configuration list for PBXNativeTarget "titouchdb" */;
			buildPhases = (
				D2AAC07A0554694100DB518D /* Headers */,
				D2AAC07B0554694100DB518D /* Sources */,
				D2AAC07C0554694100DB518D /* Frameworks */,
			);
			buildRules = (
			);
			dependencies = (
				DAEE1D08193284F100ABEF1D /* PBXTargetDependency */,
				DAEE1D0A193284F100ABEF1D /* PBXTargetDependency */,
			);
			name = titouchdb;
			productName = titouchdb;
			productReference = D2AAC07E0554694100DB518D /* libComObscureTitouchdb.a */;
			productType = "com.apple.product-type.library.static";
		};
/* End PBXNativeTarget section */

/* Begin PBXProject section */
		0867D690FE84028FC02AAC07 /* Project object */ = {
			isa = PBXProject;
			attributes = {
				LastUpgradeCheck = 0500;
			};
			buildConfigurationList = 1DEB922208733DC00010E9CD /* Build configuration list for PBXProject "titouchdb" */;
			compatibilityVersion = "Xcode 3.2";
			developmentRegion = English;
			hasScannedForEncodings = 1;
			knownRegions = (
				English,
				Japanese,
				French,
				German,
				en,
			);
			mainGroup = 0867D691FE84028FC02AAC07 /* titouchdb */;
			productRefGroup = 034768DFFF38A50411DB9C8B /* Products */;
			projectDirPath = "";
			projectReferences = (
				{
					ProductGroup = DA77FA361932849400D85AEE /* Products */;
					ProjectRef = DA77FA351932849400D85AEE /* CouchbaseLite.xcodeproj */;
				},
			);
			projectRoot = "";
			targets = (
				D2AAC07D0554694100DB518D /* titouchdb */,
				24416B8111C4CA220047AFDD /* Build & Test */,
			);
		};
/* End PBXProject section */

/* Begin PBXReferenceProxy section */
		DA77FA471932849500D85AEE /* CouchbaseLite.framework */ = {
			isa = PBXReferenceProxy;
			fileType = wrapper.framework;
			path = CouchbaseLite.framework;
			remoteRef = DA77FA461932849500D85AEE /* PBXContainerItemProxy */;
			sourceTree = BUILT_PRODUCTS_DIR;
		};
		DA77FA491932849500D85AEE /* CouchbaseLite.framework */ = {
			isa = PBXReferenceProxy;
			fileType = wrapper.cfbundle;
			path = CouchbaseLite.framework;
			remoteRef = DA77FA481932849500D85AEE /* PBXContainerItemProxy */;
			sourceTree = BUILT_PRODUCTS_DIR;
		};
		DA77FA4B1932849500D85AEE /* libCouchbaseLite.a */ = {
			isa = PBXReferenceProxy;
			fileType = archive.ar;
			path = libCouchbaseLite.a;
			remoteRef = DA77FA4A1932849500D85AEE /* PBXContainerItemProxy */;
			sourceTree = BUILT_PRODUCTS_DIR;
		};
		DA77FA4D1932849500D85AEE /* Couchbase Lite Demo.app */ = {
			isa = PBXReferenceProxy;
			fileType = wrapper.application;
			path = "Couchbase Lite Demo.app";
			remoteRef = DA77FA4C1932849500D85AEE /* PBXContainerItemProxy */;
			sourceTree = BUILT_PRODUCTS_DIR;
		};
		DA77FA4F1932849500D85AEE /* CBL Test.app */ = {
			isa = PBXReferenceProxy;
			fileType = wrapper.application;
			path = "CBL Test.app";
			remoteRef = DA77FA4E1932849500D85AEE /* PBXContainerItemProxy */;
			sourceTree = BUILT_PRODUCTS_DIR;
		};
		DA77FA511932849500D85AEE /* Couchbase Lite Empty App.app */ = {
			isa = PBXReferenceProxy;
			fileType = wrapper.application;
			path = "Couchbase Lite Empty App.app";
			remoteRef = DA77FA501932849500D85AEE /* PBXContainerItemProxy */;
			sourceTree = BUILT_PRODUCTS_DIR;
		};
		DA77FA531932849500D85AEE /* CouchbaseLiteListener.framework */ = {
			isa = PBXReferenceProxy;
			fileType = wrapper.framework;
			path = CouchbaseLiteListener.framework;
			remoteRef = DA77FA521932849500D85AEE /* PBXContainerItemProxy */;
			sourceTree = BUILT_PRODUCTS_DIR;
		};
		DA77FA551932849500D85AEE /* CouchbaseLiteListener.framework */ = {
			isa = PBXReferenceProxy;
			fileType = wrapper.cfbundle;
			path = CouchbaseLiteListener.framework;
			remoteRef = DA77FA541932849500D85AEE /* PBXContainerItemProxy */;
			sourceTree = BUILT_PRODUCTS_DIR;
		};
		DA77FA571932849500D85AEE /* libCouchbaseLiteListener.a */ = {
			isa = PBXReferenceProxy;
			fileType = archive.ar;
			path = libCouchbaseLiteListener.a;
			remoteRef = DA77FA561932849500D85AEE /* PBXContainerItemProxy */;
			sourceTree = BUILT_PRODUCTS_DIR;
		};
		DA77FA591932849500D85AEE /* LiteServ */ = {
			isa = PBXReferenceProxy;
			fileType = "compiled.mach-o.executable";
			path = LiteServ;
			remoteRef = DA77FA581932849500D85AEE /* PBXContainerItemProxy */;
			sourceTree = BUILT_PRODUCTS_DIR;
		};
		DA77FA5B1932849500D85AEE /* LiteServ.app */ = {
			isa = PBXReferenceProxy;
			fileType = wrapper.application;
			path = LiteServ.app;
			remoteRef = DA77FA5A1932849500D85AEE /* PBXContainerItemProxy */;
			sourceTree = BUILT_PRODUCTS_DIR;
		};
		DA77FA5D1932849500D85AEE /* libCBLJSViewCompiler.a */ = {
			isa = PBXReferenceProxy;
			fileType = archive.ar;
			path = libCBLJSViewCompiler.a;
			remoteRef = DA77FA5C1932849500D85AEE /* PBXContainerItemProxy */;
			sourceTree = BUILT_PRODUCTS_DIR;
		};
/* End PBXReferenceProxy section */

/* Begin PBXShellScriptBuildPhase section */
		24416B8011C4CA220047AFDD /* ShellScript */ = {
			isa = PBXShellScriptBuildPhase;
			buildActionMask = 2147483647;
			files = (
			);
			inputPaths = (
			);
			outputPaths = (
			);
			runOnlyForDeploymentPostprocessing = 0;
			shellPath = /bin/sh;
			shellScript = "# shell script goes here\n\npython \"${TITANIUM_SDK}/titanium.py\" run --dir=\"${PROJECT_DIR}\"\nexit $?\n";
		};
/* End PBXShellScriptBuildPhase section */

/* Begin PBXSourcesBuildPhase section */
		D2AAC07B0554694100DB518D /* Sources */ = {
			isa = PBXSourcesBuildPhase;
			buildActionMask = 2147483647;
			files = (
				DAA3688A167F9BB6004A514D /* TiProxy+Errors.m in Sources */,
				DAA3688B167F9BB6004A514D /* TDDatabaseManagerProxy.m in Sources */,
				DAA3688C167F9BB6004A514D /* TDDatabaseProxy.m in Sources */,
				DAA3688D167F9BB6004A514D /* TDDocumentProxy.m in Sources */,
				DA73A73B19DB10DA00BA8581 /* TDDocumentChangeProxy.m in Sources */,
				DAA3688E167F9BB6004A514D /* TDQueryProxy.m in Sources */,
				DAA3688F167F9BB6004A514D /* TDBridge.m in Sources */,
				DAD03A8B197449FA00886829 /* TDAuthenticatorProxy.m in Sources */,
				DAA36890167F9BB6004A514D /* TDViewProxy.m in Sources */,
				DAA36891167F9BB6004A514D /* TDRevisionProxy.m in Sources */,
				DAA36892167F9BB6004A514D /* TDReplicationProxy.m in Sources */,
				DAA36893167F9BB6004A514D /* TDAttachmentProxy.m in Sources */,
				24DD6CFA1134B3F500162E58 /* ComObscureTiTouchDBModule.m in Sources */,
			);
			runOnlyForDeploymentPostprocessing = 0;
		};
/* End PBXSourcesBuildPhase section */

/* Begin PBXTargetDependency section */
		24416B8511C4CA280047AFDD /* PBXTargetDependency */ = {
			isa = PBXTargetDependency;
			target = D2AAC07D0554694100DB518D /* titouchdb */;
			targetProxy = 24416B8411C4CA280047AFDD /* PBXContainerItemProxy */;
		};
		DAEE1D08193284F100ABEF1D /* PBXTargetDependency */ = {
			isa = PBXTargetDependency;
			name = "CBL iOS library";
			targetProxy = DAEE1D07193284F100ABEF1D /* PBXContainerItemProxy */;
		};
		DAEE1D0A193284F100ABEF1D /* PBXTargetDependency */ = {
			isa = PBXTargetDependency;
			name = "Listener iOS Library";
			targetProxy = DAEE1D09193284F100ABEF1D /* PBXContainerItemProxy */;
		};
/* End PBXTargetDependency section */

/* Begin XCBuildConfiguration section */
		1DEB921F08733DC00010E9CD /* Debug */ = {
			isa = XCBuildConfiguration;
			baseConfigurationReference = 24DD6D1B1134B66800162E58 /* titanium.xcconfig */;
			buildSettings = {
				CLANG_ENABLE_OBJC_ARC = NO;
				DSTROOT = /tmp/ComObscureTiTouchDB.dst;
				GCC_C_LANGUAGE_STANDARD = c99;
				GCC_OPTIMIZATION_LEVEL = 0;
				GCC_PRECOMPILE_PREFIX_HEADER = YES;
				GCC_PREFIX_HEADER = ComObscureTiTouchDB_Prefix.pch;
				GCC_THUMB_SUPPORT = NO;
				GCC_TREAT_WARNINGS_AS_ERRORS = NO;
				GCC_WARN_ABOUT_RETURN_TYPE = NO;
				GCC_WARN_MISSING_PARENTHESES = NO;
				GCC_WARN_SHADOW = NO;
				GCC_WARN_STRICT_SELECTOR_MATCH = NO;
				GCC_WARN_UNUSED_FUNCTION = YES;
				GCC_WARN_UNUSED_PARAMETER = NO;
				GCC_WARN_UNUSED_VALUE = NO;
				GCC_WARN_UNUSED_VARIABLE = NO;
				INSTALL_PATH = /usr/local/lib;
				OTHER_CFLAGS = (
					"-DDEBUG",
					"-DTI_POST_1_2",
				);
			};
			name = Debug;
		};
		1DEB922008733DC00010E9CD /* Release */ = {
			isa = XCBuildConfiguration;
			baseConfigurationReference = 24DD6D1B1134B66800162E58 /* titanium.xcconfig */;
			buildSettings = {
				CLANG_ENABLE_OBJC_ARC = NO;
				DSTROOT = /tmp/ComObscureTiTouchDB.dst;
				GCC_C_LANGUAGE_STANDARD = c99;
				GCC_MODEL_TUNING = G5;
				GCC_PRECOMPILE_PREFIX_HEADER = YES;
				GCC_PREFIX_HEADER = ComObscureTiTouchDB_Prefix.pch;
				GCC_THUMB_SUPPORT = NO;
				GCC_TREAT_WARNINGS_AS_ERRORS = NO;
				GCC_WARN_ABOUT_RETURN_TYPE = NO;
				GCC_WARN_MISSING_PARENTHESES = NO;
				GCC_WARN_SHADOW = NO;
				GCC_WARN_STRICT_SELECTOR_MATCH = NO;
				GCC_WARN_UNUSED_FUNCTION = YES;
				GCC_WARN_UNUSED_PARAMETER = NO;
				GCC_WARN_UNUSED_VALUE = NO;
				GCC_WARN_UNUSED_VARIABLE = NO;
				INSTALL_PATH = /usr/local/lib;
				OTHER_CFLAGS = "-DTI_POST_1_2";
			};
			name = Release;
		};
		1DEB922308733DC00010E9CD /* Debug */ = {
			isa = XCBuildConfiguration;
			baseConfigurationReference = 24DD6D1B1134B66800162E58 /* titanium.xcconfig */;
			buildSettings = {
				DSTROOT = /tmp/ComObscureTiTouchDB.dst;
				GCC_C_LANGUAGE_STANDARD = c99;
				GCC_OPTIMIZATION_LEVEL = 0;
				GCC_PRECOMPILE_PREFIX_HEADER = YES;
				GCC_PREFIX_HEADER = ComObscureTiTouchDB_Prefix.pch;
				GCC_THUMB_SUPPORT = NO;
				GCC_TREAT_WARNINGS_AS_ERRORS = NO;
				GCC_VERSION = "";
				GCC_WARN_ABOUT_RETURN_TYPE = NO;
				GCC_WARN_MISSING_PARENTHESES = NO;
				GCC_WARN_SHADOW = NO;
				GCC_WARN_STRICT_SELECTOR_MATCH = NO;
				GCC_WARN_UNUSED_FUNCTION = YES;
				GCC_WARN_UNUSED_PARAMETER = NO;
				GCC_WARN_UNUSED_VALUE = NO;
				GCC_WARN_UNUSED_VARIABLE = NO;
				INSTALL_PATH = /usr/local/lib;
				IPHONEOS_DEPLOYMENT_TARGET = 6.0;
				ONLY_ACTIVE_ARCH = YES;
				OTHER_CFLAGS = (
					"-DDEBUG",
					"-DTI_POST_1_2",
				);
				PRODUCT_NAME = ComObscureTitouchdb;
				RUN_CLANG_STATIC_ANALYZER = NO;
				SDKROOT = iphoneos;
			};
			name = Debug;
		};
		1DEB922408733DC00010E9CD /* Release */ = {
			isa = XCBuildConfiguration;
			baseConfigurationReference = 24DD6D1B1134B66800162E58 /* titanium.xcconfig */;
			buildSettings = {
				ALWAYS_SEARCH_USER_PATHS = NO;
				DSTROOT = /tmp/ComObscureTiTouchDB.dst;
				GCC_C_LANGUAGE_STANDARD = c99;
				GCC_MODEL_TUNING = G5;
				GCC_PRECOMPILE_PREFIX_HEADER = YES;
				GCC_PREFIX_HEADER = ComObscureTiTouchDB_Prefix.pch;
				GCC_THUMB_SUPPORT = NO;
				GCC_TREAT_WARNINGS_AS_ERRORS = NO;
				GCC_VERSION = "";
				GCC_WARN_ABOUT_RETURN_TYPE = NO;
				GCC_WARN_MISSING_PARENTHESES = NO;
				GCC_WARN_SHADOW = NO;
				GCC_WARN_STRICT_SELECTOR_MATCH = NO;
				GCC_WARN_UNUSED_FUNCTION = YES;
				GCC_WARN_UNUSED_PARAMETER = NO;
				GCC_WARN_UNUSED_VALUE = NO;
				GCC_WARN_UNUSED_VARIABLE = NO;
				INSTALL_PATH = /usr/local/lib;
				IPHONEOS_DEPLOYMENT_TARGET = 6.0;
				OTHER_CFLAGS = "-DTI_POST_1_2";
				PRODUCT_NAME = ComObscureTitouchdb;
				RUN_CLANG_STATIC_ANALYZER = NO;
				SDKROOT = iphoneos;
			};
			name = Release;
		};
		24416B8211C4CA220047AFDD /* Debug */ = {
			isa = XCBuildConfiguration;
			baseConfigurationReference = 24DD6D1B1134B66800162E58 /* titanium.xcconfig */;
			buildSettings = {
				COPY_PHASE_STRIP = NO;
				GCC_DYNAMIC_NO_PIC = NO;
				GCC_OPTIMIZATION_LEVEL = 0;
				GCC_THUMB_SUPPORT = NO;
				PRODUCT_NAME = "Build & test";
			};
			name = Debug;
		};
		24416B8311C4CA220047AFDD /* Release */ = {
			isa = XCBuildConfiguration;
			baseConfigurationReference = 24DD6D1B1134B66800162E58 /* titanium.xcconfig */;
			buildSettings = {
				COPY_PHASE_STRIP = YES;
				DEBUG_INFORMATION_FORMAT = "dwarf-with-dsym";
				GCC_THUMB_SUPPORT = NO;
				PRODUCT_NAME = "Build & test";
				ZERO_LINK = NO;
			};
			name = Release;
		};
/* End XCBuildConfiguration section */

/* Begin XCConfigurationList section */
		1DEB921E08733DC00010E9CD /* Build configuration list for PBXNativeTarget "titouchdb" */ = {
			isa = XCConfigurationList;
			buildConfigurations = (
				1DEB921F08733DC00010E9CD /* Debug */,
				1DEB922008733DC00010E9CD /* Release */,
			);
			defaultConfigurationIsVisible = 0;
			defaultConfigurationName = Release;
		};
		1DEB922208733DC00010E9CD /* Build configuration list for PBXProject "titouchdb" */ = {
			isa = XCConfigurationList;
			buildConfigurations = (
				1DEB922308733DC00010E9CD /* Debug */,
				1DEB922408733DC00010E9CD /* Release */,
			);
			defaultConfigurationIsVisible = 0;
			defaultConfigurationName = Release;
		};
		24416B8A11C4CA520047AFDD /* Build configuration list for PBXAggregateTarget "Build & Test" */ = {
			isa = XCConfigurationList;
			buildConfigurations = (
				24416B8211C4CA220047AFDD /* Debug */,
				24416B8311C4CA220047AFDD /* Release */,
			);
			defaultConfigurationIsVisible = 0;
			defaultConfigurationName = Release;
		};
/* End XCConfigurationList section */
	};
	rootObject = 0867D690FE84028FC02AAC07 /* Project object */;
}
